// !$*UTF8*$!
{
	archiveVersion = 1;
	classes = {
	};
	objectVersion = 46;
	objects = {

/* Begin PBXBuildFile section */
		C232803B1AD80DF000CE70ED /* mapsController.swift in Sources */ = {isa = PBXBuildFile; fileRef = C26BEF871AD7AEFF00DDFF25 /* mapsController.swift */; };
		C232803C1AD80E7700CE70ED /* Main.storyboard in Resources */ = {isa = PBXBuildFile; fileRef = C244114A1AD6B5AF0024AF73 /* Main.storyboard */; };
		C234CFF31ADBC5CD00263F56 /* SSRadioButtonsController.swift in Sources */ = {isa = PBXBuildFile; fileRef = C234CFF21ADBC5CD00263F56 /* SSRadioButtonsController.swift */; };
		C234CFF71ADBC8AE00263F56 /* RegisterController.swift in Sources */ = {isa = PBXBuildFile; fileRef = C234CFF61ADBC8AE00263F56 /* RegisterController.swift */; };
		C234CFF91ADBE21B00263F56 /* Sign-RadioButton02-Unchecked.png in Resources */ = {isa = PBXBuildFile; fileRef = C234CFF81ADBE21B00263F56 /* Sign-RadioButton02-Unchecked.png */; };
		C234CFFB1ADBE72300263F56 /* radiobutton-checked-sm-th.png in Resources */ = {isa = PBXBuildFile; fileRef = C234CFFA1ADBE72300263F56 /* radiobutton-checked-sm-th.png */; };
		C24411441AD6B5AF0024AF73 /* AppDelegate.swift in Sources */ = {isa = PBXBuildFile; fileRef = C24411431AD6B5AF0024AF73 /* AppDelegate.swift */; };
		C24411471AD6B5AF0024AF73 /* BloodCloudapp.xcdatamodeld in Sources */ = {isa = PBXBuildFile; fileRef = C24411451AD6B5AF0024AF73 /* BloodCloudapp.xcdatamodeld */; };
		C24411491AD6B5AF0024AF73 /* ViewController.swift in Sources */ = {isa = PBXBuildFile; fileRef = C24411481AD6B5AF0024AF73 /* ViewController.swift */; };
		C244114E1AD6B5AF0024AF73 /* Images.xcassets in Resources */ = {isa = PBXBuildFile; fileRef = C244114D1AD6B5AF0024AF73 /* Images.xcassets */; };
		C24411511AD6B5AF0024AF73 /* LaunchScreen.xib in Resources */ = {isa = PBXBuildFile; fileRef = C244114F1AD6B5AF0024AF73 /* LaunchScreen.xib */; };
		C244115D1AD6B5AF0024AF73 /* BloodCloudappTests.swift in Sources */ = {isa = PBXBuildFile; fileRef = C244115C1AD6B5AF0024AF73 /* BloodCloudappTests.swift */; };
		C24411671AD6B7150024AF73 /* header.swift in Sources */ = {isa = PBXBuildFile; fileRef = C24411661AD6B7150024AF73 /* header.swift */; };
		C24411691AD6B7200024AF73 /* CAGradientLayer+Convience.swift in Sources */ = {isa = PBXBuildFile; fileRef = C24411681AD6B7200024AF73 /* CAGradientLayer+Convience.swift */; };
		C244116B1AD6B7770024AF73 /* logo.png in Resources */ = {isa = PBXBuildFile; fileRef = C244116A1AD6B7770024AF73 /* logo.png */; };
		C26BEF861AD7A64A00DDFF25 /* Donorlist.swift in Sources */ = {isa = PBXBuildFile; fileRef = C26BEF851AD7A64900DDFF25 /* Donorlist.swift */; };
		C281BC291ADE80FE00BE60F3 /* routeController.swift in Sources */ = {isa = PBXBuildFile; fileRef = C281BC281ADE80FE00BE60F3 /* routeController.swift */; };
		C281BC2F1ADE8CBD00BE60F3 /* GooglePlace.swift in Sources */ = {isa = PBXBuildFile; fileRef = C281BC2E1ADE8CBD00BE60F3 /* GooglePlace.swift */; };
		C281BC321ADE8D4100BE60F3 /* GoogleDataProvider.swift in Sources */ = {isa = PBXBuildFile; fileRef = C281BC311ADE8D4100BE60F3 /* GoogleDataProvider.swift */; };
		C2ED8B6F1AD7B36C00385E94 /* GoogleMaps.framework in Frameworks */ = {isa = PBXBuildFile; fileRef = C2ED8B6E1AD7B36C00385E94 /* GoogleMaps.framework */; };
		C2ED8B711AD7B39C00385E94 /* GoogleMaps.bundle in Resources */ = {isa = PBXBuildFile; fileRef = C2ED8B701AD7B39C00385E94 /* GoogleMaps.bundle */; };
		C2ED8B731AD7EE4100385E94 /* AVFoundation.framework in Frameworks */ = {isa = PBXBuildFile; fileRef = C2ED8B721AD7EE4000385E94 /* AVFoundation.framework */; };
		C2ED8B751AD7EE4C00385E94 /* CoreData.framework in Frameworks */ = {isa = PBXBuildFile; fileRef = C2ED8B741AD7EE4C00385E94 /* CoreData.framework */; };
		C2ED8B771AD7EE5900385E94 /* CoreLocation.framework in Frameworks */ = {isa = PBXBuildFile; fileRef = C2ED8B761AD7EE5900385E94 /* CoreLocation.framework */; };
		C2ED8B791AD7EE6E00385E94 /* CoreText.framework in Frameworks */ = {isa = PBXBuildFile; fileRef = C2ED8B781AD7EE6E00385E94 /* CoreText.framework */; };
		C2ED8B7B1AD7EE8100385E94 /* GLKit.framework in Frameworks */ = {isa = PBXBuildFile; fileRef = C2ED8B7A1AD7EE8100385E94 /* GLKit.framework */; };
		C2ED8B7D1AD7EE9000385E94 /* ImageIO.framework in Frameworks */ = {isa = PBXBuildFile; fileRef = C2ED8B7C1AD7EE9000385E94 /* ImageIO.framework */; };
		C2ED8B7F1AD7EEA400385E94 /* libc++.dylib in Frameworks */ = {isa = PBXBuildFile; fileRef = C2ED8B7E1AD7EEA400385E94 /* libc++.dylib */; };
		C2ED8B811AD7EEBF00385E94 /* libicucore.dylib in Frameworks */ = {isa = PBXBuildFile; fileRef = C2ED8B801AD7EEBF00385E94 /* libicucore.dylib */; };
		C2ED8B831AD7EEDA00385E94 /* libz.dylib in Frameworks */ = {isa = PBXBuildFile; fileRef = C2ED8B821AD7EEDA00385E94 /* libz.dylib */; };
		C2ED8B851AD7EF0200385E94 /* OpenGLES.framework in Frameworks */ = {isa = PBXBuildFile; fileRef = C2ED8B841AD7EF0200385E94 /* OpenGLES.framework */; };
		C2ED8B871AD7EF2700385E94 /* QuartzCore.framework in Frameworks */ = {isa = PBXBuildFile; fileRef = C2ED8B861AD7EF2700385E94 /* QuartzCore.framework */; };
		C2ED8B891AD7EF3900385E94 /* SystemConfiguration.framework in Frameworks */ = {isa = PBXBuildFile; fileRef = C2ED8B881AD7EF3900385E94 /* SystemConfiguration.framework */; };
/* End PBXBuildFile section */

/* Begin PBXContainerItemProxy section */
		C24411571AD6B5AF0024AF73 /* PBXContainerItemProxy */ = {
			isa = PBXContainerItemProxy;
			containerPortal = C24411361AD6B5AF0024AF73 /* Project object */;
			proxyType = 1;
			remoteGlobalIDString = C244113D1AD6B5AF0024AF73;
			remoteInfo = BloodCloudapp;
		};
/* End PBXContainerItemProxy section */

/* Begin PBXFileReference section */
		C234CFF21ADBC5CD00263F56 /* SSRadioButtonsController.swift */ = {isa = PBXFileReference; fileEncoding = 4; lastKnownFileType = sourcecode.swift; name = SSRadioButtonsController.swift; path = "../../../../Downloads/SSRadioButtonsController-master/SSRadioButtonController/SSRadioButtonsController.swift"; sourceTree = "<group>"; };
		C234CFF61ADBC8AE00263F56 /* RegisterController.swift */ = {isa = PBXFileReference; fileEncoding = 4; lastKnownFileType = sourcecode.swift; path = RegisterController.swift; sourceTree = "<group>"; };
		C234CFF81ADBE21B00263F56 /* Sign-RadioButton02-Unchecked.png */ = {isa = PBXFileReference; lastKnownFileType = image.png; name = "Sign-RadioButton02-Unchecked.png"; path = "../../../../Downloads/Sign-RadioButton02-Unchecked.png"; sourceTree = "<group>"; };
		C234CFFA1ADBE72300263F56 /* radiobutton-checked-sm-th.png */ = {isa = PBXFileReference; lastKnownFileType = image.png; path = "radiobutton-checked-sm-th.png"; sourceTree = "<group>"; };
		C244113E1AD6B5AF0024AF73 /* BloodCloudapp.app */ = {isa = PBXFileReference; explicitFileType = wrapper.application; includeInIndex = 0; path = BloodCloudapp.app; sourceTree = BUILT_PRODUCTS_DIR; };
		C24411421AD6B5AF0024AF73 /* Info.plist */ = {isa = PBXFileReference; lastKnownFileType = text.plist.xml; path = Info.plist; sourceTree = "<group>"; };
		C24411431AD6B5AF0024AF73 /* AppDelegate.swift */ = {isa = PBXFileReference; lastKnownFileType = sourcecode.swift; path = AppDelegate.swift; sourceTree = "<group>"; };
		C24411461AD6B5AF0024AF73 /* BloodCloudapp.xcdatamodel */ = {isa = PBXFileReference; lastKnownFileType = wrapper.xcdatamodel; path = BloodCloudapp.xcdatamodel; sourceTree = "<group>"; };
		C24411481AD6B5AF0024AF73 /* ViewController.swift */ = {isa = PBXFileReference; lastKnownFileType = sourcecode.swift; path = ViewController.swift; sourceTree = "<group>"; };
		C244114B1AD6B5AF0024AF73 /* Base */ = {isa = PBXFileReference; lastKnownFileType = file.storyboard; name = Base; path = Base.lproj/Main.storyboard; sourceTree = "<group>"; };
		C244114D1AD6B5AF0024AF73 /* Images.xcassets */ = {isa = PBXFileReference; lastKnownFileType = folder.assetcatalog; path = Images.xcassets; sourceTree = "<group>"; };
		C24411501AD6B5AF0024AF73 /* Base */ = {isa = PBXFileReference; lastKnownFileType = file.xib; name = Base; path = Base.lproj/LaunchScreen.xib; sourceTree = "<group>"; };
		C24411561AD6B5AF0024AF73 /* BloodCloudappTests.xctest */ = {isa = PBXFileReference; explicitFileType = wrapper.cfbundle; includeInIndex = 0; path = BloodCloudappTests.xctest; sourceTree = BUILT_PRODUCTS_DIR; };
		C244115B1AD6B5AF0024AF73 /* Info.plist */ = {isa = PBXFileReference; lastKnownFileType = text.plist.xml; path = Info.plist; sourceTree = "<group>"; };
		C244115C1AD6B5AF0024AF73 /* BloodCloudappTests.swift */ = {isa = PBXFileReference; lastKnownFileType = sourcecode.swift; path = BloodCloudappTests.swift; sourceTree = "<group>"; };
		C24411661AD6B7150024AF73 /* header.swift */ = {isa = PBXFileReference; fileEncoding = 4; lastKnownFileType = sourcecode.swift; name = header.swift; path = ../../BloodCloud/BloodCloud/header.swift; sourceTree = "<group>"; };
		C24411681AD6B7200024AF73 /* CAGradientLayer+Convience.swift */ = {isa = PBXFileReference; fileEncoding = 4; lastKnownFileType = sourcecode.swift; name = "CAGradientLayer+Convience.swift"; path = "../../BloodCloud/BloodCloud/CAGradientLayer+Convience.swift"; sourceTree = "<group>"; };
		C244116A1AD6B7770024AF73 /* logo.png */ = {isa = PBXFileReference; lastKnownFileType = image.png; name = logo.png; path = ../../BloodCloud/BloodCloud/logo.png; sourceTree = "<group>"; };
		C26BEF851AD7A64900DDFF25 /* Donorlist.swift */ = {isa = PBXFileReference; fileEncoding = 4; lastKnownFileType = sourcecode.swift; path = Donorlist.swift; sourceTree = "<group>"; };
		C26BEF871AD7AEFF00DDFF25 /* mapsController.swift */ = {isa = PBXFileReference; fileEncoding = 4; lastKnownFileType = sourcecode.swift; path = mapsController.swift; sourceTree = "<group>"; };
		C281BC281ADE80FE00BE60F3 /* routeController.swift */ = {isa = PBXFileReference; fileEncoding = 4; lastKnownFileType = sourcecode.swift; path = routeController.swift; sourceTree = "<group>"; };
		C281BC2E1ADE8CBD00BE60F3 /* GooglePlace.swift */ = {isa = PBXFileReference; fileEncoding = 4; lastKnownFileType = sourcecode.swift; name = GooglePlace.swift; path = Model/GooglePlace.swift; sourceTree = "<group>"; };
		C281BC311ADE8D4100BE60F3 /* GoogleDataProvider.swift */ = {isa = PBXFileReference; fileEncoding = 4; lastKnownFileType = sourcecode.swift; path = GoogleDataProvider.swift; sourceTree = "<group>"; };
		C2ED8B6E1AD7B36C00385E94 /* GoogleMaps.framework */ = {isa = PBXFileReference; lastKnownFileType = wrapper.framework; name = GoogleMaps.framework; path = "../../../../Downloads/GoogleMaps-iOS-1.9.2/GoogleMaps.framework"; sourceTree = "<group>"; };
		C2ED8B701AD7B39C00385E94 /* GoogleMaps.bundle */ = {isa = PBXFileReference; lastKnownFileType = "wrapper.plug-in"; name = GoogleMaps.bundle; path = "../../../../Downloads/GoogleMaps-iOS-1.9.2/GoogleMaps.framework/Versions/A/Resources/GoogleMaps.bundle"; sourceTree = "<group>"; };
		C2ED8B721AD7EE4000385E94 /* AVFoundation.framework */ = {isa = PBXFileReference; lastKnownFileType = wrapper.framework; name = AVFoundation.framework; path = System/Library/Frameworks/AVFoundation.framework; sourceTree = SDKROOT; };
		C2ED8B741AD7EE4C00385E94 /* CoreData.framework */ = {isa = PBXFileReference; lastKnownFileType = wrapper.framework; name = CoreData.framework; path = System/Library/Frameworks/CoreData.framework; sourceTree = SDKROOT; };
		C2ED8B761AD7EE5900385E94 /* CoreLocation.framework */ = {isa = PBXFileReference; lastKnownFileType = wrapper.framework; name = CoreLocation.framework; path = System/Library/Frameworks/CoreLocation.framework; sourceTree = SDKROOT; };
		C2ED8B781AD7EE6E00385E94 /* CoreText.framework */ = {isa = PBXFileReference; lastKnownFileType = wrapper.framework; name = CoreText.framework; path = System/Library/Frameworks/CoreText.framework; sourceTree = SDKROOT; };
		C2ED8B7A1AD7EE8100385E94 /* GLKit.framework */ = {isa = PBXFileReference; lastKnownFileType = wrapper.framework; name = GLKit.framework; path = System/Library/Frameworks/GLKit.framework; sourceTree = SDKROOT; };
		C2ED8B7C1AD7EE9000385E94 /* ImageIO.framework */ = {isa = PBXFileReference; lastKnownFileType = wrapper.framework; name = ImageIO.framework; path = System/Library/Frameworks/ImageIO.framework; sourceTree = SDKROOT; };
		C2ED8B7E1AD7EEA400385E94 /* libc++.dylib */ = {isa = PBXFileReference; lastKnownFileType = "compiled.mach-o.dylib"; name = "libc++.dylib"; path = "usr/lib/libc++.dylib"; sourceTree = SDKROOT; };
		C2ED8B801AD7EEBF00385E94 /* libicucore.dylib */ = {isa = PBXFileReference; lastKnownFileType = "compiled.mach-o.dylib"; name = libicucore.dylib; path = usr/lib/libicucore.dylib; sourceTree = SDKROOT; };
		C2ED8B821AD7EEDA00385E94 /* libz.dylib */ = {isa = PBXFileReference; lastKnownFileType = "compiled.mach-o.dylib"; name = libz.dylib; path = usr/lib/libz.dylib; sourceTree = SDKROOT; };
		C2ED8B841AD7EF0200385E94 /* OpenGLES.framework */ = {isa = PBXFileReference; lastKnownFileType = wrapper.framework; name = OpenGLES.framework; path = System/Library/Frameworks/OpenGLES.framework; sourceTree = SDKROOT; };
		C2ED8B861AD7EF2700385E94 /* QuartzCore.framework */ = {isa = PBXFileReference; lastKnownFileType = wrapper.framework; name = QuartzCore.framework; path = System/Library/Frameworks/QuartzCore.framework; sourceTree = SDKROOT; };
		C2ED8B881AD7EF3900385E94 /* SystemConfiguration.framework */ = {isa = PBXFileReference; lastKnownFileType = wrapper.framework; name = SystemConfiguration.framework; path = System/Library/Frameworks/SystemConfiguration.framework; sourceTree = SDKROOT; };
		C2ED8B8B1AD7F06500385E94 /* BloodCloudapp-Bridging-Header.h */ = {isa = PBXFileReference; lastKnownFileType = sourcecode.c.h; path = "BloodCloudapp-Bridging-Header.h"; sourceTree = "<group>"; };
/* End PBXFileReference section */

/* Begin PBXFrameworksBuildPhase section */
		C244113B1AD6B5AF0024AF73 /* Frameworks */ = {
			isa = PBXFrameworksBuildPhase;
			buildActionMask = 2147483647;
			files = (
				C2ED8B891AD7EF3900385E94 /* SystemConfiguration.framework in Frameworks */,
				C2ED8B871AD7EF2700385E94 /* QuartzCore.framework in Frameworks */,
				C2ED8B851AD7EF0200385E94 /* OpenGLES.framework in Frameworks */,
				C2ED8B831AD7EEDA00385E94 /* libz.dylib in Frameworks */,
				C2ED8B811AD7EEBF00385E94 /* libicucore.dylib in Frameworks */,
				C2ED8B7F1AD7EEA400385E94 /* libc++.dylib in Frameworks */,
				C2ED8B7D1AD7EE9000385E94 /* ImageIO.framework in Frameworks */,
				C2ED8B7B1AD7EE8100385E94 /* GLKit.framework in Frameworks */,
				C2ED8B791AD7EE6E00385E94 /* CoreText.framework in Frameworks */,
				C2ED8B771AD7EE5900385E94 /* CoreLocation.framework in Frameworks */,
				C2ED8B751AD7EE4C00385E94 /* CoreData.framework in Frameworks */,
				C2ED8B731AD7EE4100385E94 /* AVFoundation.framework in Frameworks */,
				C2ED8B6F1AD7B36C00385E94 /* GoogleMaps.framework in Frameworks */,
			);
			runOnlyForDeploymentPostprocessing = 0;
		};
		C24411531AD6B5AF0024AF73 /* Frameworks */ = {
			isa = PBXFrameworksBuildPhase;
			buildActionMask = 2147483647;
			files = (
			);
			runOnlyForDeploymentPostprocessing = 0;
		};
/* End PBXFrameworksBuildPhase section */

/* Begin PBXGroup section */
		C24411351AD6B5AF0024AF73 = {
			isa = PBXGroup;
			children = (
				C2ED8B8A1AD7F02E00385E94 /* libraries */,
				C24411401AD6B5AF0024AF73 /* BloodCloudapp */,
				C24411591AD6B5AF0024AF73 /* BloodCloudappTests */,
				C244113F1AD6B5AF0024AF73 /* Products */,
				C2ED8B8B1AD7F06500385E94 /* BloodCloudapp-Bridging-Header.h */,
			);
			sourceTree = "<group>";
		};
		C244113F1AD6B5AF0024AF73 /* Products */ = {
			isa = PBXGroup;
			children = (
				C244113E1AD6B5AF0024AF73 /* BloodCloudapp.app */,
				C24411561AD6B5AF0024AF73 /* BloodCloudappTests.xctest */,
			);
			name = Products;
			sourceTree = "<group>";
		};
		C24411401AD6B5AF0024AF73 /* BloodCloudapp */ = {
			isa = PBXGroup;
			children = (
				C2ED8B6E1AD7B36C00385E94 /* GoogleMaps.framework */,
				C2ED8B701AD7B39C00385E94 /* GoogleMaps.bundle */,
				C24411431AD6B5AF0024AF73 /* AppDelegate.swift */,
				C281BC281ADE80FE00BE60F3 /* routeController.swift */,
				C26BEF871AD7AEFF00DDFF25 /* mapsController.swift */,
				C234CFF61ADBC8AE00263F56 /* RegisterController.swift */,
				C24411481AD6B5AF0024AF73 /* ViewController.swift */,
				C244114A1AD6B5AF0024AF73 /* Main.storyboard */,
				C244114D1AD6B5AF0024AF73 /* Images.xcassets */,
				C244114F1AD6B5AF0024AF73 /* LaunchScreen.xib */,
				C24411451AD6B5AF0024AF73 /* BloodCloudapp.xcdatamodeld */,
				C26BEF851AD7A64900DDFF25 /* Donorlist.swift */,
				C24411411AD6B5AF0024AF73 /* Supporting Files */,
			);
			path = BloodCloudapp;
			sourceTree = "<group>";
		};
		C24411411AD6B5AF0024AF73 /* Supporting Files */ = {
			isa = PBXGroup;
			children = (
				C281BC311ADE8D4100BE60F3 /* GoogleDataProvider.swift */,
				C281BC2E1ADE8CBD00BE60F3 /* GooglePlace.swift */,
				C234CFFA1ADBE72300263F56 /* radiobutton-checked-sm-th.png */,
				C234CFF81ADBE21B00263F56 /* Sign-RadioButton02-Unchecked.png */,
				C234CFF21ADBC5CD00263F56 /* SSRadioButtonsController.swift */,
				C244116A1AD6B7770024AF73 /* logo.png */,
				C24411681AD6B7200024AF73 /* CAGradientLayer+Convience.swift */,
				C24411661AD6B7150024AF73 /* header.swift */,
				C24411421AD6B5AF0024AF73 /* Info.plist */,
			);
			name = "Supporting Files";
			sourceTree = "<group>";
		};
		C24411591AD6B5AF0024AF73 /* BloodCloudappTests */ = {
			isa = PBXGroup;
			children = (
				C244115C1AD6B5AF0024AF73 /* BloodCloudappTests.swift */,
				C244115A1AD6B5AF0024AF73 /* Supporting Files */,
			);
			path = BloodCloudappTests;
			sourceTree = "<group>";
		};
		C244115A1AD6B5AF0024AF73 /* Supporting Files */ = {
			isa = PBXGroup;
			children = (
				C244115B1AD6B5AF0024AF73 /* Info.plist */,
			);
			name = "Supporting Files";
			sourceTree = "<group>";
		};
		C2ED8B8A1AD7F02E00385E94 /* libraries */ = {
			isa = PBXGroup;
			children = (
				C2ED8B881AD7EF3900385E94 /* SystemConfiguration.framework */,
				C2ED8B861AD7EF2700385E94 /* QuartzCore.framework */,
				C2ED8B841AD7EF0200385E94 /* OpenGLES.framework */,
				C2ED8B821AD7EEDA00385E94 /* libz.dylib */,
				C2ED8B801AD7EEBF00385E94 /* libicucore.dylib */,
				C2ED8B7E1AD7EEA400385E94 /* libc++.dylib */,
				C2ED8B7C1AD7EE9000385E94 /* ImageIO.framework */,
				C2ED8B7A1AD7EE8100385E94 /* GLKit.framework */,
				C2ED8B781AD7EE6E00385E94 /* CoreText.framework */,
				C2ED8B761AD7EE5900385E94 /* CoreLocation.framework */,
				C2ED8B741AD7EE4C00385E94 /* CoreData.framework */,
				C2ED8B721AD7EE4000385E94 /* AVFoundation.framework */,
			);
			name = libraries;
			sourceTree = "<group>";
		};
/* End PBXGroup section */

/* Begin PBXNativeTarget section */
		C244113D1AD6B5AF0024AF73 /* BloodCloudapp */ = {
			isa = PBXNativeTarget;
			buildConfigurationList = C24411601AD6B5AF0024AF73 /* Build configuration list for PBXNativeTarget "BloodCloudapp" */;
			buildPhases = (
				C244113A1AD6B5AF0024AF73 /* Sources */,
				C244113B1AD6B5AF0024AF73 /* Frameworks */,
				C244113C1AD6B5AF0024AF73 /* Resources */,
			);
			buildRules = (
			);
			dependencies = (
			);
			name = BloodCloudapp;
			productName = BloodCloudapp;
			productReference = C244113E1AD6B5AF0024AF73 /* BloodCloudapp.app */;
			productType = "com.apple.product-type.application";
		};
		C24411551AD6B5AF0024AF73 /* BloodCloudappTests */ = {
			isa = PBXNativeTarget;
			buildConfigurationList = C24411631AD6B5AF0024AF73 /* Build configuration list for PBXNativeTarget "BloodCloudappTests" */;
			buildPhases = (
				C24411521AD6B5AF0024AF73 /* Sources */,
				C24411531AD6B5AF0024AF73 /* Frameworks */,
				C24411541AD6B5AF0024AF73 /* Resources */,
			);
			buildRules = (
			);
			dependencies = (
				C24411581AD6B5AF0024AF73 /* PBXTargetDependency */,
			);
			name = BloodCloudappTests;
			productName = BloodCloudappTests;
			productReference = C24411561AD6B5AF0024AF73 /* BloodCloudappTests.xctest */;
			productType = "com.apple.product-type.bundle.unit-test";
		};
/* End PBXNativeTarget section */

/* Begin PBXProject section */
		C24411361AD6B5AF0024AF73 /* Project object */ = {
			isa = PBXProject;
			attributes = {
				LastUpgradeCheck = 0610;
				ORGANIZATIONNAME = inflexion.Prasanth;
				TargetAttributes = {
					C244113D1AD6B5AF0024AF73 = {
						CreatedOnToolsVersion = 6.1;
					};
					C24411551AD6B5AF0024AF73 = {
						CreatedOnToolsVersion = 6.1;
						TestTargetID = C244113D1AD6B5AF0024AF73;
					};
				};
			};
			buildConfigurationList = C24411391AD6B5AF0024AF73 /* Build configuration list for PBXProject "BloodCloudapp" */;
			compatibilityVersion = "Xcode 3.2";
			developmentRegion = English;
			hasScannedForEncodings = 0;
			knownRegions = (
				en,
				Base,
			);
			mainGroup = C24411351AD6B5AF0024AF73;
			productRefGroup = C244113F1AD6B5AF0024AF73 /* Products */;
			projectDirPath = "";
			projectRoot = "";
			targets = (
				C244113D1AD6B5AF0024AF73 /* BloodCloudapp */,
				C24411551AD6B5AF0024AF73 /* BloodCloudappTests */,
			);
		};
/* End PBXProject section */

/* Begin PBXResourcesBuildPhase section */
		C244113C1AD6B5AF0024AF73 /* Resources */ = {
			isa = PBXResourcesBuildPhase;
			buildActionMask = 2147483647;
			files = (
				C232803C1AD80E7700CE70ED /* Main.storyboard in Resources */,
				C244116B1AD6B7770024AF73 /* logo.png in Resources */,
				C234CFF91ADBE21B00263F56 /* Sign-RadioButton02-Unchecked.png in Resources */,
				C24411511AD6B5AF0024AF73 /* LaunchScreen.xib in Resources */,
				C244114E1AD6B5AF0024AF73 /* Images.xcassets in Resources */,
				C234CFFB1ADBE72300263F56 /* radiobutton-checked-sm-th.png in Resources */,
				C2ED8B711AD7B39C00385E94 /* GoogleMaps.bundle in Resources */,
			);
			runOnlyForDeploymentPostprocessing = 0;
		};
		C24411541AD6B5AF0024AF73 /* Resources */ = {
			isa = PBXResourcesBuildPhase;
			buildActionMask = 2147483647;
			files = (
			);
			runOnlyForDeploymentPostprocessing = 0;
		};
/* End PBXResourcesBuildPhase section */

/* Begin PBXSourcesBuildPhase section */
		C244113A1AD6B5AF0024AF73 /* Sources */ = {
			isa = PBXSourcesBuildPhase;
			buildActionMask = 2147483647;
			files = (
				C232803B1AD80DF000CE70ED /* mapsController.swift in Sources */,
				C281BC321ADE8D4100BE60F3 /* GoogleDataProvider.swift in Sources */,
				C234CFF31ADBC5CD00263F56 /* SSRadioButtonsController.swift in Sources */,
				C281BC2F1ADE8CBD00BE60F3 /* GooglePlace.swift in Sources */,
				C24411671AD6B7150024AF73 /* header.swift in Sources */,
				C24411491AD6B5AF0024AF73 /* ViewController.swift in Sources */,
				C24411471AD6B5AF0024AF73 /* BloodCloudapp.xcdatamodeld in Sources */,
				C281BC291ADE80FE00BE60F3 /* routeController.swift in Sources */,
				C24411691AD6B7200024AF73 /* CAGradientLayer+Convience.swift in Sources */,
				C26BEF861AD7A64A00DDFF25 /* Donorlist.swift in Sources */,
				C24411441AD6B5AF0024AF73 /* AppDelegate.swift in Sources */,
				C234CFF71ADBC8AE00263F56 /* RegisterController.swift in Sources */,
			);
			runOnlyForDeploymentPostprocessing = 0;
		};
		C24411521AD6B5AF0024AF73 /* Sources */ = {
			isa = PBXSourcesBuildPhase;
			buildActionMask = 2147483647;
			files = (
				C244115D1AD6B5AF0024AF73 /* BloodCloudappTests.swift in Sources */,
			);
			runOnlyForDeploymentPostprocessing = 0;
		};
/* End PBXSourcesBuildPhase section */

/* Begin PBXTargetDependency section */
		C24411581AD6B5AF0024AF73 /* PBXTargetDependency */ = {
			isa = PBXTargetDependency;
			target = C244113D1AD6B5AF0024AF73 /* BloodCloudapp */;
			targetProxy = C24411571AD6B5AF0024AF73 /* PBXContainerItemProxy */;
		};
/* End PBXTargetDependency section */

/* Begin PBXVariantGroup section */
		C244114A1AD6B5AF0024AF73 /* Main.storyboard */ = {
			isa = PBXVariantGroup;
			children = (
				C244114B1AD6B5AF0024AF73 /* Base */,
			);
			name = Main.storyboard;
			sourceTree = "<group>";
		};
		C244114F1AD6B5AF0024AF73 /* LaunchScreen.xib */ = {
			isa = PBXVariantGroup;
			children = (
				C24411501AD6B5AF0024AF73 /* Base */,
			);
			name = LaunchScreen.xib;
			sourceTree = "<group>";
		};
/* End PBXVariantGroup section */

/* Begin XCBuildConfiguration section */
		C244115E1AD6B5AF0024AF73 /* Debug */ = {
			isa = XCBuildConfiguration;
			buildSettings = {
				ALWAYS_SEARCH_USER_PATHS = NO;
				CLANG_CXX_LANGUAGE_STANDARD = "gnu++0x";
				CLANG_CXX_LIBRARY = "libc++";
				CLANG_ENABLE_MODULES = YES;
				CLANG_ENABLE_OBJC_ARC = YES;
				CLANG_WARN_BOOL_CONVERSION = YES;
				CLANG_WARN_CONSTANT_CONVERSION = YES;
				CLANG_WARN_DIRECT_OBJC_ISA_USAGE = YES_ERROR;
				CLANG_WARN_EMPTY_BODY = YES;
				CLANG_WARN_ENUM_CONVERSION = YES;
				CLANG_WARN_INT_CONVERSION = YES;
				CLANG_WARN_OBJC_ROOT_CLASS = YES_ERROR;
				CLANG_WARN_UNREACHABLE_CODE = YES;
				CLANG_WARN__DUPLICATE_METHOD_MATCH = YES;
				"CODE_SIGN_IDENTITY[sdk=iphoneos*]" = "iPhone Developer";
				COPY_PHASE_STRIP = NO;
				ENABLE_STRICT_OBJC_MSGSEND = YES;
				GCC_C_LANGUAGE_STANDARD = gnu99;
				GCC_DYNAMIC_NO_PIC = NO;
				GCC_OPTIMIZATION_LEVEL = 0;
				GCC_PREPROCESSOR_DEFINITIONS = (
					"DEBUG=1",
					"$(inherited)",
				);
				GCC_SYMBOLS_PRIVATE_EXTERN = NO;
				GCC_WARN_64_TO_32_BIT_CONVERSION = YES;
				GCC_WARN_ABOUT_RETURN_TYPE = YES_ERROR;
				GCC_WARN_UNDECLARED_SELECTOR = YES;
				GCC_WARN_UNINITIALIZED_AUTOS = YES_AGGRESSIVE;
				GCC_WARN_UNUSED_FUNCTION = YES;
				GCC_WARN_UNUSED_VARIABLE = YES;
				IPHONEOS_DEPLOYMENT_TARGET = 8.1;
				MTL_ENABLE_DEBUG_INFO = YES;
				ONLY_ACTIVE_ARCH = YES;
				SDKROOT = iphoneos;
				SWIFT_OPTIMIZATION_LEVEL = "-Onone";
				TARGETED_DEVICE_FAMILY = "1,2";
			};
			name = Debug;
		};
		C244115F1AD6B5AF0024AF73 /* Release */ = {
			isa = XCBuildConfiguration;
			buildSettings = {
				ALWAYS_SEARCH_USER_PATHS = NO;
				CLANG_CXX_LANGUAGE_STANDARD = "gnu++0x";
				CLANG_CXX_LIBRARY = "libc++";
				CLANG_ENABLE_MODULES = YES;
				CLANG_ENABLE_OBJC_ARC = YES;
				CLANG_WARN_BOOL_CONVERSION = YES;
				CLANG_WARN_CONSTANT_CONVERSION = YES;
				CLANG_WARN_DIRECT_OBJC_ISA_USAGE = YES_ERROR;
				CLANG_WARN_EMPTY_BODY = YES;
				CLANG_WARN_ENUM_CONVERSION = YES;
				CLANG_WARN_INT_CONVERSION = YES;
				CLANG_WARN_OBJC_ROOT_CLASS = YES_ERROR;
				CLANG_WARN_UNREACHABLE_CODE = YES;
				CLANG_WARN__DUPLICATE_METHOD_MATCH = YES;
				"CODE_SIGN_IDENTITY[sdk=iphoneos*]" = "iPhone Developer";
				COPY_PHASE_STRIP = YES;
				ENABLE_NS_ASSERTIONS = NO;
				ENABLE_STRICT_OBJC_MSGSEND = YES;
				GCC_C_LANGUAGE_STANDARD = gnu99;
				GCC_WARN_64_TO_32_BIT_CONVERSION = YES;
				GCC_WARN_ABOUT_RETURN_TYPE = YES_ERROR;
				GCC_WARN_UNDECLARED_SELECTOR = YES;
				GCC_WARN_UNINITIALIZED_AUTOS = YES_AGGRESSIVE;
				GCC_WARN_UNUSED_FUNCTION = YES;
				GCC_WARN_UNUSED_VARIABLE = YES;
				IPHONEOS_DEPLOYMENT_TARGET = 8.1;
				MTL_ENABLE_DEBUG_INFO = NO;
				SDKROOT = iphoneos;
				TARGETED_DEVICE_FAMILY = "1,2";
				VALIDATE_PRODUCT = YES;
			};
			name = Release;
		};
		C24411611AD6B5AF0024AF73 /* Debug */ = {
			isa = XCBuildConfiguration;
			buildSettings = {
				ASSETCATALOG_COMPILER_APPICON_NAME = AppIcon;
				CLANG_ENABLE_MODULES = YES;
				FRAMEWORK_SEARCH_PATHS = (
					"$(inherited)",
					"/Users/Prasanth/Downloads/GoogleMaps-iOS-1.9.2",
				);
				INFOPLIST_FILE = BloodCloudapp/Info.plist;
				LD_RUNPATH_SEARCH_PATHS = "$(inherited) @executable_path/Frameworks";
				"OTHER_LDFLAGS[arch=*]" = "-ObjC";
				PRODUCT_NAME = "$(TARGET_NAME)";
				SWIFT_OBJC_BRIDGING_HEADER = "BloodCloudapp-Bridging-Header.h";
				SWIFT_OPTIMIZATION_LEVEL = "-Onone";
			};
			name = Debug;
		};
		C24411621AD6B5AF0024AF73 /* Release */ = {
			isa = XCBuildConfiguration;
			buildSettings = {
				ASSETCATALOG_COMPILER_APPICON_NAME = AppIcon;
				CLANG_ENABLE_MODULES = YES;
				FRAMEWORK_SEARCH_PATHS = (
					"$(inherited)",
					"/Users/Prasanth/Downloads/GoogleMaps-iOS-1.9.2",
				);
				INFOPLIST_FILE = BloodCloudapp/Info.plist;
				LD_RUNPATH_SEARCH_PATHS = "$(inherited) @executable_path/Frameworks";
				"OTHER_LDFLAGS[arch=*]" = "-ObjC";
				PRODUCT_NAME = "$(TARGET_NAME)";
				SWIFT_OBJC_BRIDGING_HEADER = "BloodCloudapp-Bridging-Header.h";
			};
			name = Release;
		};
		C24411641AD6B5AF0024AF73 /* Debug */ = {
			isa = XCBuildConfiguration;
			buildSettings = {
				BUNDLE_LOADER = "$(TEST_HOST)";
				FRAMEWORK_SEARCH_PATHS = (
					"$(SDKROOT)/Developer/Library/Frameworks",
					"$(inherited)",
				);
				GCC_PREPROCESSOR_DEFINITIONS = (
					"DEBUG=1",
					"$(inherited)",
				);
				INFOPLIST_FILE = BloodCloudappTests/Info.plist;
				LD_RUNPATH_SEARCH_PATHS = "$(inherited) @executable_path/Frameworks @loader_path/Frameworks";
				PRODUCT_NAME = "$(TARGET_NAME)";
				TEST_HOST = "$(BUILT_PRODUCTS_DIR)/BloodCloudapp.app/BloodCloudapp";
			};
			name = Debug;
		};
		C24411651AD6B5AF0024AF73 /* Release */ = {
			isa = XCBuildConfiguration;
			buildSettings = {
				BUNDLE_LOADER = "$(TEST_HOST)";
				FRAMEWORK_SEARCH_PATHS = (
					"$(SDKROOT)/Developer/Library/Frameworks",
					"$(inherited)",
				);
				INFOPLIST_FILE = BloodCloudappTests/Info.plist;
				LD_RUNPATH_SEARCH_PATHS = "$(inherited) @executable_path/Frameworks @loader_path/Frameworks";
				PRODUCT_NAME = "$(TARGET_NAME)";
				TEST_HOST = "$(BUILT_PRODUCTS_DIR)/BloodCloudapp.app/BloodCloudapp";
			};
			name = Release;
		};
/* End XCBuildConfiguration section */

/* Begin XCConfigurationList section */
		C24411391AD6B5AF0024AF73 /* Build configuration list for PBXProject "BloodCloudapp" */ = {
			isa = XCConfigurationList;
			buildConfigurations = (
				C244115E1AD6B5AF0024AF73 /* Debug */,
				C244115F1AD6B5AF0024AF73 /* Release */,
			);
			defaultConfigurationIsVisible = 0;
			defaultConfigurationName = Release;
		};
		C24411601AD6B5AF0024AF73 /* Build configuration list for PBXNativeTarget "BloodCloudapp" */ = {
			isa = XCConfigurationList;
			buildConfigurations = (
				C24411611AD6B5AF0024AF73 /* Debug */,
				C24411621AD6B5AF0024AF73 /* Release */,
			);
			defaultConfigurationIsVisible = 0;
			defaultConfigurationName = Release;
		};
		C24411631AD6B5AF0024AF73 /* Build configuration list for PBXNativeTarget "BloodCloudappTests" */ = {
			isa = XCConfigurationList;
			buildConfigurations = (
				C24411641AD6B5AF0024AF73 /* Debug */,
				C24411651AD6B5AF0024AF73 /* Release */,
			);
			defaultConfigurationIsVisible = 0;
			defaultConfigurationName = Release;
		};
/* End XCConfigurationList section */

/* Begin XCVersionGroup section */
		C24411451AD6B5AF0024AF73 /* BloodCloudapp.xcdatamodeld */ = {
			isa = XCVersionGroup;
			children = (
				C24411461AD6B5AF0024AF73 /* BloodCloudapp.xcdatamodel */,
			);
			currentVersion = C24411461AD6B5AF0024AF73 /* BloodCloudapp.xcdatamodel */;
			path = BloodCloudapp.xcdatamodeld;
			sourceTree = "<group>";
			versionGroupType = wrapper.xcdatamodel;
		};
/* End XCVersionGroup section */
	};
	rootObject = C24411361AD6B5AF0024AF73 /* Project object */;
}
